
Microsoft Visual Studio Solution File, Format Version 12.00
# Visual Studio 15
VisualStudioVersion = 15.0.27004.2008
MinimumVisualStudioVersion = 10.0.40219.1
Project("{FAE04EC0-301F-11D3-BF4B-00C04F79EFBC}") = "Anpero", "Anpero\Anpero.csproj", "{B88546AC-D123-448F-BD9B-7287E7CE1B38}"
EndProject
Project("{2150E333-8FDC-42A3-9474-1A3956D46DE8}") = "Shoping", "Shoping", "{4A209C7A-D091-451E-A034-CF95432C6834}"
EndProject
Project("{2150E333-8FDC-42A3-9474-1A3956D46DE8}") = "Bat Dong San", "Bat Dong San", "{C338E5F8-B130-490C-88CC-9C1D8091C8B3}"
EndProject
Project("{2150E333-8FDC-42A3-9474-1A3956D46DE8}") = "Nhan Su", "Nhan Su", "{66CF0B52-FBEA-4578-B980-16456C3202F6}"
EndProject
Project("{FAE04EC0-301F-11D3-BF4B-00C04F79EFBC}") = "01_BatDongSan_MultiLand", "01_BDS_BatDongSan_MultiLand\01_BatDongSan_MultiLand.csproj", "{FA1C4563-DFE3-4C02-896F-17DE0F335EB1}"
EndProject
Project("{FAE04EC0-301F-11D3-BF4B-00C04F79EFBC}") = "02_BatDongSan_MultiLand", "02_BDS_BatDongSan_MultiLand\02_BatDongSan_MultiLand.csproj", "{38AE6E33-8A76-4721-9D33-35F9399B1797}"
EndProject
Project("{FAE04EC0-301F-11D3-BF4B-00C04F79EFBC}") = "03_HR", "03_HR_Service_Frontend\03_HR.csproj", "{FD58635E-76A4-4CA0-98F4-E4C54C4CB931}"
EndProject
Project("{FAE04EC0-301F-11D3-BF4B-00C04F79EFBC}") = "04_Shop_MultiProduct", "04_Shop_multiProduct\04_Shop_MultiProduct.csproj", "{0036A2E3-FC1E-459F-A84E-1A441FF6E685}"
EndProject
Project("{FAE04EC0-301F-11D3-BF4B-00C04F79EFBC}") = "06_Shop_OnePage", "06_Shop_Onepage\06_Shop_OnePage.csproj", "{E515C6BB-2763-4422-90D9-5F5F122D4626}"
EndProject
Project("{FAE04EC0-301F-11D3-BF4B-00C04F79EFBC}") = "05_Shop_MultiProduct", "05_Shop_MultiProduct\05_Shop_MultiProduct.csproj", "{974A627F-FDDD-4349-95B3-B0CE2BF33426}"
EndProject
Project("{FAE04EC0-301F-11D3-BF4B-00C04F79EFBC}") = "08_Shop_MultiProduct", "08_Shop_MultiProduct\08_Shop_MultiProduct.csproj", "{AED1F7A6-1DD4-4075-8C36-F6D765B0A89B}"
EndProject
Project("{FAE04EC0-301F-11D3-BF4B-00C04F79EFBC}") = "07_Shop_MultiProduct", "07_Shop_MultiProduct\07_Shop_MultiProduct.csproj", "{D7D73B71-F57A-499C-9D87-B582342DBD6E}"
EndProject
Project("{2150E333-8FDC-42A3-9474-1A3956D46DE8}") = "Anpero Lib", "Anpero Lib", "{46C83336-39DF-452C-9BDE-1412C359823E}"
EndProject
Project("{FAE04EC0-301F-11D3-BF4B-00C04F79EFBC}") = "09_Shop_MultiProduct", "09_Shop_MultiProduct\09_Shop_MultiProduct.csproj", "{C6D21F1E-555C-4213-B72A-E95E019C204D}"
EndProject
Project("{FAE04EC0-301F-11D3-BF4B-00C04F79EFBC}") = "10_Theme_09_v2", "10_Theme_09_v2\10_Theme_09_v2.csproj", "{E3E699CA-ADD6-470D-8FB1-076E134EEE46}"
EndProject
Project("{2150E333-8FDC-42A3-9474-1A3956D46DE8}") = "Info_web", "Info_web", "{310BA208-71D5-4381-8A50-5F78017A2012}"
EndProject
Project("{FAE04EC0-301F-11D3-BF4B-00C04F79EFBC}") = "11_company_Info", "11_Company_Info\11_company_Info.csproj", "{0F8911EA-0E81-4B8A-8F5B-380B4C2EA139}"
EndProject
Project("{FAE04EC0-301F-11D3-BF4B-00C04F79EFBC}") = "12_Shop_MultiProduct", "12_Shop_multiProduct\12_Shop_MultiProduct.csproj", "{D4A521D7-4903-4305-A299-E4466857ECEA}"
EndProject
Global
	GlobalSection(SolutionConfigurationPlatforms) = preSolution
		Debug|Any CPU = Debug|Any CPU
		Release|Any CPU = Release|Any CPU
	EndGlobalSection
	GlobalSection(ProjectConfigurationPlatforms) = postSolution
		{B88546AC-D123-448F-BD9B-7287E7CE1B38}.Debug|Any CPU.ActiveCfg = Debug|Any CPU
		{B88546AC-D123-448F-BD9B-7287E7CE1B38}.Debug|Any CPU.Build.0 = Debug|Any CPU
		{B88546AC-D123-448F-BD9B-7287E7CE1B38}.Release|Any CPU.ActiveCfg = Release|Any CPU
		{B88546AC-D123-448F-BD9B-7287E7CE1B38}.Release|Any CPU.Build.0 = Release|Any CPU
		{FA1C4563-DFE3-4C02-896F-17DE0F335EB1}.Debug|Any CPU.ActiveCfg = Debug|Any CPU
		{FA1C4563-DFE3-4C02-896F-17DE0F335EB1}.Debug|Any CPU.Build.0 = Debug|Any CPU
		{FA1C4563-DFE3-4C02-896F-17DE0F335EB1}.Release|Any CPU.ActiveCfg = Release|Any CPU
		{FA1C4563-DFE3-4C02-896F-17DE0F335EB1}.Release|Any CPU.Build.0 = Release|Any CPU
		{38AE6E33-8A76-4721-9D33-35F9399B1797}.Debug|Any CPU.ActiveCfg = Debug|Any CPU
		{38AE6E33-8A76-4721-9D33-35F9399B1797}.Debug|Any CPU.Build.0 = Debug|Any CPU
		{38AE6E33-8A76-4721-9D33-35F9399B1797}.Release|Any CPU.ActiveCfg = Release|Any CPU
		{38AE6E33-8A76-4721-9D33-35F9399B1797}.Release|Any CPU.Build.0 = Release|Any CPU
		{FD58635E-76A4-4CA0-98F4-E4C54C4CB931}.Debug|Any CPU.ActiveCfg = Debug|Any CPU
		{FD58635E-76A4-4CA0-98F4-E4C54C4CB931}.Debug|Any CPU.Build.0 = Debug|Any CPU
		{FD58635E-76A4-4CA0-98F4-E4C54C4CB931}.Release|Any CPU.ActiveCfg = Release|Any CPU
		{FD58635E-76A4-4CA0-98F4-E4C54C4CB931}.Release|Any CPU.Build.0 = Release|Any CPU
		{0036A2E3-FC1E-459F-A84E-1A441FF6E685}.Debug|Any CPU.ActiveCfg = Debug|Any CPU
		{0036A2E3-FC1E-459F-A84E-1A441FF6E685}.Debug|Any CPU.Build.0 = Debug|Any CPU
		{0036A2E3-FC1E-459F-A84E-1A441FF6E685}.Release|Any CPU.ActiveCfg = Release|Any CPU
		{0036A2E3-FC1E-459F-A84E-1A441FF6E685}.Release|Any CPU.Build.0 = Release|Any CPU
		{E515C6BB-2763-4422-90D9-5F5F122D4626}.Debug|Any CPU.ActiveCfg = Debug|Any CPU
		{E515C6BB-2763-4422-90D9-5F5F122D4626}.Debug|Any CPU.Build.0 = Debug|Any CPU
		{E515C6BB-2763-4422-90D9-5F5F122D4626}.Release|Any CPU.ActiveCfg = Release|Any CPU
		{E515C6BB-2763-4422-90D9-5F5F122D4626}.Release|Any CPU.Build.0 = Release|Any CPU
		{974A627F-FDDD-4349-95B3-B0CE2BF33426}.Debug|Any CPU.ActiveCfg = Debug|Any CPU
		{974A627F-FDDD-4349-95B3-B0CE2BF33426}.Debug|Any CPU.Build.0 = Debug|Any CPU
		{974A627F-FDDD-4349-95B3-B0CE2BF33426}.Release|Any CPU.ActiveCfg = Release|Any CPU
		{974A627F-FDDD-4349-95B3-B0CE2BF33426}.Release|Any CPU.Build.0 = Release|Any CPU
		{AED1F7A6-1DD4-4075-8C36-F6D765B0A89B}.Debug|Any CPU.ActiveCfg = Debug|Any CPU
		{AED1F7A6-1DD4-4075-8C36-F6D765B0A89B}.Debug|Any CPU.Build.0 = Debug|Any CPU
		{AED1F7A6-1DD4-4075-8C36-F6D765B0A89B}.Release|Any CPU.ActiveCfg = Release|Any CPU
		{AED1F7A6-1DD4-4075-8C36-F6D765B0A89B}.Release|Any CPU.Build.0 = Release|Any CPU
		{D7D73B71-F57A-499C-9D87-B582342DBD6E}.Debug|Any CPU.ActiveCfg = Debug|Any CPU
		{D7D73B71-F57A-499C-9D87-B582342DBD6E}.Debug|Any CPU.Build.0 = Debug|Any CPU
		{D7D73B71-F57A-499C-9D87-B582342DBD6E}.Release|Any CPU.ActiveCfg = Release|Any CPU
		{D7D73B71-F57A-499C-9D87-B582342DBD6E}.Release|Any CPU.Build.0 = Release|Any CPU
		{C6D21F1E-555C-4213-B72A-E95E019C204D}.Debug|Any CPU.ActiveCfg = Debug|Any CPU
		{C6D21F1E-555C-4213-B72A-E95E019C204D}.Debug|Any CPU.Build.0 = Debug|Any CPU
		{C6D21F1E-555C-4213-B72A-E95E019C204D}.Release|Any CPU.ActiveCfg = Release|Any CPU
		{C6D21F1E-555C-4213-B72A-E95E019C204D}.Release|Any CPU.Build.0 = Release|Any CPU
		{E3E699CA-ADD6-470D-8FB1-076E134EEE46}.Debug|Any CPU.ActiveCfg = Debug|Any CPU
		{E3E699CA-ADD6-470D-8FB1-076E134EEE46}.Debug|Any CPU.Build.0 = Debug|Any CPU
		{E3E699CA-ADD6-470D-8FB1-076E134EEE46}.Release|Any CPU.ActiveCfg = Release|Any CPU
		{E3E699CA-ADD6-470D-8FB1-076E134EEE46}.Release|Any CPU.Build.0 = Release|Any CPU
		{0F8911EA-0E81-4B8A-8F5B-380B4C2EA139}.Debug|Any CPU.ActiveCfg = Debug|Any CPU
		{0F8911EA-0E81-4B8A-8F5B-380B4C2EA139}.Debug|Any CPU.Build.0 = Debug|Any CPU
		{0F8911EA-0E81-4B8A-8F5B-380B4C2EA139}.Release|Any CPU.ActiveCfg = Release|Any CPU
		{0F8911EA-0E81-4B8A-8F5B-380B4C2EA139}.Release|Any CPU.Build.0 = Release|Any CPU
		{D4A521D7-4903-4305-A299-E4466857ECEA}.Debug|Any CPU.ActiveCfg = Debug|Any CPU
		{D4A521D7-4903-4305-A299-E4466857ECEA}.Debug|Any CPU.Build.0 = Debug|Any CPU
		{D4A521D7-4903-4305-A299-E4466857ECEA}.Release|Any CPU.ActiveCfg = Release|Any CPU
		{D4A521D7-4903-4305-A299-E4466857ECEA}.Release|Any CPU.Build.0 = Release|Any CPU
	EndGlobalSection
	GlobalSection(SolutionProperties) = preSolution
		HideSolutionNode = FALSE
	EndGlobalSection
	GlobalSection(NestedProjects) = preSolution
		{B88546AC-D123-448F-BD9B-7287E7CE1B38} = {46C83336-39DF-452C-9BDE-1412C359823E}
		{FA1C4563-DFE3-4C02-896F-17DE0F335EB1} = {C338E5F8-B130-490C-88CC-9C1D8091C8B3}
		{38AE6E33-8A76-4721-9D33-35F9399B1797} = {C338E5F8-B130-490C-88CC-9C1D8091C8B3}
		{FD58635E-76A4-4CA0-98F4-E4C54C4CB931} = {66CF0B52-FBEA-4578-B980-16456C3202F6}
		{0036A2E3-FC1E-459F-A84E-1A441FF6E685} = {4A209C7A-D091-451E-A034-CF95432C6834}
		{E515C6BB-2763-4422-90D9-5F5F122D4626} = {4A209C7A-D091-451E-A034-CF95432C6834}
		{974A627F-FDDD-4349-95B3-B0CE2BF33426} = {4A209C7A-D091-451E-A034-CF95432C6834}
		{AED1F7A6-1DD4-4075-8C36-F6D765B0A89B} = {4A209C7A-D091-451E-A034-CF95432C6834}
		{D7D73B71-F57A-499C-9D87-B582342DBD6E} = {4A209C7A-D091-451E-A034-CF95432C6834}
		{C6D21F1E-555C-4213-B72A-E95E019C204D} = {4A209C7A-D091-451E-A034-CF95432C6834}
		{E3E699CA-ADD6-470D-8FB1-076E134EEE46} = {4A209C7A-D091-451E-A034-CF95432C6834}
		{0F8911EA-0E81-4B8A-8F5B-380B4C2EA139} = {310BA208-71D5-4381-8A50-5F78017A2012}
		{D4A521D7-4903-4305-A299-E4466857ECEA} = {4A209C7A-D091-451E-A034-CF95432C6834}
	EndGlobalSection
	GlobalSection(ExtensibilityGlobals) = postSolution
		SolutionGuid = {F458C0BB-F83B-4833-A3E1-EC94B22EC8A5}
	EndGlobalSection
EndGlobal
